
Microsoft Visual Studio Solution File, Format Version 12.00
# Visual Studio Version 16
VisualStudioVersion = 16.0.31112.23
MinimumVisualStudioVersion = 10.0.40219.1
Project("{9A19103F-16F7-4668-BE54-9A1E7A4F7556}") = "Laba", "Laba.csproj", "{9F003377-965E-48C5-A53C-3004A55243C3}"
EndProject
Project("{9A19103F-16F7-4668-BE54-9A1E7A4F7556}") = "PluginBase", "..\PluginBase\PluginBase.csproj", "{790320D1-6DEF-4535-AD39-98E02742DE04}"
EndProject
Project("{9A19103F-16F7-4668-BE54-9A1E7A4F7556}") = "Plugin", "..\Plugin\Plugin.csproj", "{E876E428-967B-4783-A4DA-03F7A57DAB96}"
EndProject
Project("{9A19103F-16F7-4668-BE54-9A1E7A4F7556}") = "Plugin2", "..\Plugin2\Plugin2.csproj", "{53026A2F-CA34-42B3-8EA9-D29905A560C4}"
EndProject
Global
	GlobalSection(SolutionConfigurationPlatforms) = preSolution
		Debug|Any CPU = Debug|Any CPU
		Release|Any CPU = Release|Any CPU
	EndGlobalSection
	GlobalSection(ProjectConfigurationPlatforms) = postSolution
		{9F003377-965E-48C5-A53C-3004A55243C3}.Debug|Any CPU.ActiveCfg = Debug|Any CPU
		{9F003377-965E-48C5-A53C-3004A55243C3}.Debug|Any CPU.Build.0 = Debug|Any CPU
		{9F003377-965E-48C5-A53C-3004A55243C3}.Release|Any CPU.ActiveCfg = Release|Any CPU
		{9F003377-965E-48C5-A53C-3004A55243C3}.Release|Any CPU.Build.0 = Release|Any CPU
		{790320D1-6DEF-4535-AD39-98E02742DE04}.Debug|Any CPU.ActiveCfg = Debug|Any CPU
		{790320D1-6DEF-4535-AD39-98E02742DE04}.Debug|Any CPU.Build.0 = Debug|Any CPU
		{790320D1-6DEF-4535-AD39-98E02742DE04}.Release|Any CPU.ActiveCfg = Release|Any CPU
		{790320D1-6DEF-4535-AD39-98E02742DE04}.Release|Any CPU.Build.0 = Release|Any CPU
		{E876E428-967B-4783-A4DA-03F7A57DAB96}.Debug|Any CPU.ActiveCfg = Debug|Any CPU
		{E876E428-967B-4783-A4DA-03F7A57DAB96}.Debug|Any CPU.Build.0 = Debug|Any CPU
		{E876E428-967B-4783-A4DA-03F7A57DAB96}.Release|Any CPU.ActiveCfg = Release|Any CPU
		{E876E428-967B-4783-A4DA-03F7A57DAB96}.Release|Any CPU.Build.0 = Release|Any CPU
		{53026A2F-CA34-42B3-8EA9-D29905A560C4}.Debug|Any CPU.ActiveCfg = Debug|Any CPU
		{53026A2F-CA34-42B3-8EA9-D29905A560C4}.Debug|Any CPU.Build.0 = Debug|Any CPU
		{53026A2F-CA34-42B3-8EA9-D29905A560C4}.Release|Any CPU.ActiveCfg = Release|Any CPU
		{53026A2F-CA34-42B3-8EA9-D29905A560C4}.Release|Any CPU.Build.0 = Release|Any CPU
	EndGlobalSection
	GlobalSection(SolutionProperties) = preSolution
		HideSolutionNode = FALSE
	EndGlobalSection
	GlobalSection(ExtensibilityGlobals) = postSolution
		SolutionGuid = {AE711E53-756F-42F9-B7DD-6AB38FCE2443}
	EndGlobalSection
EndGlobal
